{
  "name": "deliverabilityguide.com-scripts",
  "version": "0.0.0",
  "lockfileVersion": 2,
  "requires": true,
  "packages": {
    "": {
      "name": "deliverabilityguide.com-scripts",
      "version": "0.0.0",
      "license": "MIT",
      "dependencies": {
        "highlight.js": "^11.8.0",
        "marked": "^7.0.5",
        "marked-gfm-heading-id": "^3.0.6",
        "marked-highlight": "^2.0.4",
        "marked-smartypants": "^1.1.0"
      }
    },
    "node_modules/github-slugger": {
      "version": "2.0.0",
      "resolved": "https://registry.npmjs.org/github-slugger/-/github-slugger-2.0.0.tgz",
      "integrity": "sha512-IaOQ9puYtjrkq7Y0Ygl9KDZnrf/aiUJYUpVf89y8kyaxbRG7Y1SrX/jaumrv81vc61+kiMempujsM3Yw7w5qcw=="
    },
    "node_modules/highlight.js": {
      "version": "11.8.0",
      "resolved": "https://registry.npmjs.org/highlight.js/-/highlight.js-11.8.0.tgz",
      "integrity": "sha512-MedQhoqVdr0U6SSnWPzfiadUcDHfN/Wzq25AkXiQv9oiOO/sG0S7XkvpFIqWBl9Yq1UYyYOOVORs5UW2XlPyzg==",
      "engines": {
        "node": ">=12.0.0"
      }
    },
    "node_modules/marked": {
      "version": "7.0.5",
      "resolved": "https://registry.npmjs.org/marked/-/marked-7.0.5.tgz",
      "integrity": "sha512-lwNAFTfXgqpt/XvK17a/8wY9/q6fcSPZT1aP6QW0u74VwaJF/Z9KbRcX23sWE4tODM+AolJNcUtErTkgOeFP/Q==",
      "bin": {
        "marked": "bin/marked.js"
      },
      "engines": {
        "node": ">= 16"
      }
    },
    "node_modules/marked-gfm-heading-id": {
      "version": "3.0.6",
      "resolved": "https://registry.npmjs.org/marked-gfm-heading-id/-/marked-gfm-heading-id-3.0.6.tgz",
      "integrity": "sha512-ot/iTTxvSJpUWv+DJ5aGVj2kxdEpsiKj6NJy6icwcdrVPHsbAE3dZ3Usk4ORt8ke2HKbw83n5Q5jNwSMuAYMSA==",
      "dependencies": {
        "github-slugger": "^2.0.0"
      },
      "peerDependencies": {
        "marked": "^4 || ^5 || ^6 || ^7"
      }
    },
    "node_modules/marked-highlight": {
      "version": "2.0.4",
      "resolved": "https://registry.npmjs.org/marked-highlight/-/marked-highlight-2.0.4.tgz",
      "integrity": "sha512-hnm+rY3p+DQlSd2uY3zSXec+1kq5x9lD3+PWOMz0ROcil4Btcbt///Fto52jqWWt7XBGiTRk+1+w2rGfx2U2Sw==",
      "peerDependencies": {
        "marked": "^4 || ^5 || ^6 || ^7"
      }
    },
    "node_modules/marked-smartypants": {
      "version": "1.1.0",
      "resolved": "https://registry.npmjs.org/marked-smartypants/-/marked-smartypants-1.1.0.tgz",
      "integrity": "sha512-7pu/8Zpr8rWIXmtab8XPleNuaD+xZ5DQRfjGp3pqAo+SmmDBZ66+fAn5CSQPysAwBzd/qrpOmLg7KSRlwyPHKA==",
      "dependencies": {
        "smartypants": "^0.2.2"
      },
      "peerDependencies": {
        "marked": "^4 || ^5 || ^6 || ^7"
      }
    },
    "node_modules/smartypants": {
      "version": "0.2.2",
      "resolved": "https://registry.npmjs.org/smartypants/-/smartypants-0.2.2.tgz",
      "integrity": "sha512-TzobUYoEft/xBtb2voRPryAUIvYguG0V7Tt3de79I1WfXgCwelqVsGuZSnu3GFGRZhXR90AeEYIM+icuB/S06Q==",
      "bin": {
        "smartypants": "bin/smartypants.js",
        "smartypantsu": "bin/smartypantsu.js"
      }
    }
  },
  "dependencies": {
    "github-slugger": {
      "version": "2.0.0",
      "resolved": "https://registry.npmjs.org/github-slugger/-/github-slugger-2.0.0.tgz",
      "integrity": "sha512-IaOQ9puYtjrkq7Y0Ygl9KDZnrf/aiUJYUpVf89y8kyaxbRG7Y1SrX/jaumrv81vc61+kiMempujsM3Yw7w5qcw=="
    },
    "highlight.js": {
      "version": "11.8.0",
      "resolved": "https://registry.npmjs.org/highlight.js/-/highlight.js-11.8.0.tgz",
      "integrity": "sha512-MedQhoqVdr0U6SSnWPzfiadUcDHfN/Wzq25AkXiQv9oiOO/sG0S7XkvpFIqWBl9Yq1UYyYOOVORs5UW2XlPyzg=="
    },
    "marked": {
      "version": "7.0.5",
      "resolved": "https://registry.npmjs.org/marked/-/marked-7.0.5.tgz",
      "integrity": "sha512-lwNAFTfXgqpt/XvK17a/8wY9/q6fcSPZT1aP6QW0u74VwaJF/Z9KbRcX23sWE4tODM+AolJNcUtErTkgOeFP/Q=="
    },
    "marked-gfm-heading-id": {
      "version": "3.0.6",
      "resolved": "https://registry.npmjs.org/marked-gfm-heading-id/-/marked-gfm-heading-id-3.0.6.tgz",
      "integrity": "sha512-ot/iTTxvSJpUWv+DJ5aGVj2kxdEpsiKj6NJy6icwcdrVPHsbAE3dZ3Usk4ORt8ke2HKbw83n5Q5jNwSMuAYMSA==",
      "requires": {
        "github-slugger": "^2.0.0"
      }
    },
    "marked-highlight": {
      "version": "2.0.4",
      "resolved": "https://registry.npmjs.org/marked-highlight/-/marked-highlight-2.0.4.tgz",
      "integrity": "sha512-hnm+rY3p+DQlSd2uY3zSXec+1kq5x9lD3+PWOMz0ROcil4Btcbt///Fto52jqWWt7XBGiTRk+1+w2rGfx2U2Sw==",
      "requires": {}
    },
    "marked-smartypants": {
      "version": "1.1.0",
      "resolved": "https://registry.npmjs.org/marked-smartypants/-/marked-smartypants-1.1.0.tgz",
      "integrity": "sha512-7pu/8Zpr8rWIXmtab8XPleNuaD+xZ5DQRfjGp3pqAo+SmmDBZ66+fAn5CSQPysAwBzd/qrpOmLg7KSRlwyPHKA==",
      "requires": {
        "smartypants": "^0.2.2"
      }
    },
    "smartypants": {
      "version": "0.2.2",
      "resolved": "https://registry.npmjs.org/smartypants/-/smartypants-0.2.2.tgz",
      "integrity": "sha512-TzobUYoEft/xBtb2voRPryAUIvYguG0V7Tt3de79I1WfXgCwelqVsGuZSnu3GFGRZhXR90AeEYIM+icuB/S06Q=="
    }
  }
}
